
Microsoft Visual Studio Solution File, Format Version 12.00
# Visual Studio 2015
Project("{FAE04EC0-301F-11D3-BF4B-00C04F79EFBC}") = "uLui.CSharp.Plugins", "uLui.CSharp.Plugins.csproj", "{8D66828F-FF89-BD29-7CED-0BC136C2EE57}"
EndProject
Project("{FAE04EC0-301F-11D3-BF4B-00C04F79EFBC}") = "uLui.CSharp", "uLui.CSharp.csproj", "{DC438CA0-3401-5A36-0F91-D659DEA86D24}"
EndProject
Project("{FAE04EC0-301F-11D3-BF4B-00C04F79EFBC}") = "uLui.CSharp.Editor", "uLui.CSharp.Editor.csproj", "{55159930-8D4A-5B28-6310-5E3BFF6FA19C}"
EndProject
Global
	GlobalSection(SolutionConfigurationPlatforms) = preSolution
		Debug|Any CPU = Debug|Any CPU
		Release|Any CPU = Release|Any CPU
	EndGlobalSection
	GlobalSection(ProjectConfigurationPlatforms) = postSolution
		{8D66828F-FF89-BD29-7CED-0BC136C2EE57}.Debug|Any CPU.ActiveCfg = Debug|Any CPU
		{8D66828F-FF89-BD29-7CED-0BC136C2EE57}.Debug|Any CPU.Build.0 = Debug|Any CPU
		{8D66828F-FF89-BD29-7CED-0BC136C2EE57}.Release|Any CPU.ActiveCfg = Release|Any CPU
		{8D66828F-FF89-BD29-7CED-0BC136C2EE57}.Release|Any CPU.Build.0 = Release|Any CPU
		{DC438CA0-3401-5A36-0F91-D659DEA86D24}.Debug|Any CPU.ActiveCfg = Debug|Any CPU
		{DC438CA0-3401-5A36-0F91-D659DEA86D24}.Debug|Any CPU.Build.0 = Debug|Any CPU
		{DC438CA0-3401-5A36-0F91-D659DEA86D24}.Release|Any CPU.ActiveCfg = Release|Any CPU
		{DC438CA0-3401-5A36-0F91-D659DEA86D24}.Release|Any CPU.Build.0 = Release|Any CPU
		{55159930-8D4A-5B28-6310-5E3BFF6FA19C}.Debug|Any CPU.ActiveCfg = Debug|Any CPU
		{55159930-8D4A-5B28-6310-5E3BFF6FA19C}.Debug|Any CPU.Build.0 = Debug|Any CPU
		{55159930-8D4A-5B28-6310-5E3BFF6FA19C}.Release|Any CPU.ActiveCfg = Release|Any CPU
		{55159930-8D4A-5B28-6310-5E3BFF6FA19C}.Release|Any CPU.Build.0 = Release|Any CPU
	EndGlobalSection
	GlobalSection(SolutionProperties) = preSolution
		HideSolutionNode = FALSE
	EndGlobalSection
EndGlobal
